
Microsoft Visual Studio Solution File, Format Version 12.00
# Visual Studio Version 16
VisualStudioVersion = 16.0.30711.63
MinimumVisualStudioVersion = 10.0.40219.1
Project("{FAE04EC0-301F-11D3-BF4B-00C04F79EFBC}") = "Breaking the Records", "Breaking the Records.csproj", "{4809BFF0-7229-44BF-820F-6F28BDB05F0F}"
EndProject
Global
	GlobalSection(SolutionConfigurationPlatforms) = preSolution
		Debug|Any CPU = Debug|Any CPU
		Release|Any CPU = Release|Any CPU
	EndGlobalSection
	GlobalSection(ProjectConfigurationPlatforms) = postSolution
		{4809BFF0-7229-44BF-820F-6F28BDB05F0F}.Debug|Any CPU.ActiveCfg = Debug|Any CPU
		{4809BFF0-7229-44BF-820F-6F28BDB05F0F}.Debug|Any CPU.Build.0 = Debug|Any CPU
		{4809BFF0-7229-44BF-820F-6F28BDB05F0F}.Release|Any CPU.ActiveCfg = Release|Any CPU
		{4809BFF0-7229-44BF-820F-6F28BDB05F0F}.Release|Any CPU.Build.0 = Release|Any CPU
	EndGlobalSection
	GlobalSection(SolutionProperties) = preSolution
		HideSolutionNode = FALSE
	EndGlobalSection
	GlobalSection(ExtensibilityGlobals) = postSolution
		SolutionGuid = {9B4E3826-A24E-4DED-960D-F34C73DA66C4}
	EndGlobalSection
EndGlobal
